{
  "ailang_version": "v0.47.2",
  "generated_at": "2026-10-04T17:23:47.344554664Z",
  "generator": "ailang lock v0.47.2",
  "packages": [
    {
      "ailang": ">=0.17.0",
      "content_hash": "sha256:9f5b6b188020564ac5bc55198d120398f1035b4de82f8f5d089e4f1c9c883e8f",
      "effects": [],
      "exports": [
        "sunholo/motoko_ext_abi/types"
      ],
      "interface_hash": "sha256:b7c7cb6f878bbe2719481a152e21eb27e699dafaf007bf0093397e7c10580f92",
      "name": "sunholo/motoko_ext_abi",
      "path": "../motoko-ext-abi",
      "source": "path",
      "version": "8.0"
    },
    {
      "ailang": ">=0.19.1",
      "content_hash": "sha256:9a7509044fc0d5ea75ce23238896b1052b857d6f617ad4b9c9d320ebf00311be",
      "effects": [
        "AI",
        "Env",
        "FS",
        "IO",
        "Trace"
      ],
      "exports": [
        "sunholo/motoko_ext_compaction_ai/compaction_ai",
        "sunholo/motoko_ext_compaction_ai/register",
        "sunholo/motoko_ext_compaction_ai/types"
      ],
      "interface_hash": "sha256:b926b4eae74929f1f11faa0151f94d1430ae54b29dfc9ae9d1803c7cb1ec6f23",
      "name": "sunholo/motoko_ext_compaction_ai",
      "path": "../motoko-ext-compaction-ai",
      "source": "path",
      "version": "0.3.0"
    },
    {
      "content_hash": "sha256:3bf5058ccd2a14463b5a468bb7a8fcb778c660a79b2d400e042a458da510830b",
      "effects": [
        "AI",
        "Clock",
        "Env",
        "FS",
        "IO",
        "Net",
        "Process",
        "SharedMem",
        "Stream",
        "Trace"
      ],
      "exports": [
        "sunholo/motoko_ext_compaction_structural/compaction_structural",
        "sunholo/motoko_ext_compaction_structural/register"
      ],
      "interface_hash": "sha256:c3d20c53ac0039bce85994245e3ae078d90fe48f60da5d5044d3345202ff7e28",
      "name": "sunholo/motoko_ext_compaction_structural",
      "path": "../motoko-ext-compaction-structural",
      "source": "path",
      "version": "1.1.0"
    }
  ],
  "schema": "ailang.lock/v1",
  "schema_version": "1.0.0"
}
