{
  "ailang_version": "v0.33.0",
  "generated_at": "2026-08-16T21:50:49.431460243Z",
  "generator": "ailang lock v0.33.0",
  "packages": [
    {
      "ailang": ">=0.17.0",
      "content_hash": "sha256:bab603afeae49eddeb807bc835b02008ed30782afef5c90871fa85784953cb01",
      "effects": [],
      "exports": [
        "sunholo/motoko_ext_abi/types"
      ],
      "interface_hash": "sha256:b7c7cb6f878bbe2719481a152e21eb27e699dafaf007bf0093397e7c10580f92",
      "name": "sunholo/motoko_ext_abi",
      "path": "/workspaces/motoko_agent/packages/motoko-ext-abi",
      "source": "path",
      "version": "5.0"
    }
  ],
  "schema": "ailang.lock/v1",
  "schema_version": "1.0.0"
}
