{
  "ailang_version": "v0.26.0",
  "generated_at": "2026-07-10T12:27:43.516318382Z",
  "generator": "ailang lock v0.26.0",
  "packages": [
    {
      "ailang": ">=0.17.0",
      "content_hash": "sha256:1e83b2cfb63270a0106d6274a47f031a0e2e8a7327138b4e6b93f731be5d3985",
      "effects": [],
      "exports": [
        "sunholo/motoko_ext_abi/types"
      ],
      "interface_hash": "sha256:b7c7cb6f878bbe2719481a152e21eb27e699dafaf007bf0093397e7c10580f92",
      "name": "sunholo/motoko_ext_abi",
      "path": "/workspaces/motoko_agent/packages/motoko-ext-abi",
      "source": "path",
      "version": "3.0"
    }
  ],
  "schema": "ailang.lock/v1",
  "schema_version": "1.0.0"
}
