{
  "ailang_version": "v0.17.0-7-ga20e96a8-dirty",
  "generated_at": "2026-05-07T15:05:19.248643Z",
  "generator": "ailang lock v0.17.0-7-ga20e96a8-dirty",
  "packages": [
    {
      "ailang": ">=0.9.2",
      "content_hash": "sha256:ad23c73004ff9a1737767ee955ab7956a169b0f8dcbf1d3a7f6e0d0a176dac45",
      "effects": null,
      "exports": [
        "sunholo/logging/logger"
      ],
      "interface_hash": "sha256:99ebe707436f715a52bf897a8c4cca699acfbd83ff007a3d8e16f1c5608ce1e7",
      "name": "sunholo/logging",
      "source": "registry",
      "version": "0.4.0"
    },
    {
      "ailang": ">=0.17.0",
      "content_hash": "sha256:7944767bbaf4c14104e9cd1f4fd4ac3ce6801e2f9c071488dfacf68f8eff257c",
      "effects": [],
      "exports": [
        "sunholo/motoko_ext_abi/types"
      ],
      "interface_hash": "sha256:b7c7cb6f878bbe2719481a152e21eb27e699dafaf007bf0093397e7c10580f92",
      "name": "sunholo/motoko_ext_abi",
      "path": "/Users/mark/dev/sunholo/ailang-packages/packages/motoko-ext-abi",
      "source": "path",
      "version": "1.0.0"
    },
    {
      "content_hash": "sha256:7891ad4d2ee57a54553dd82fcf23f183fb224f37b52d6d353834d34269ee1284",
      "effects": [
        "Env",
        "FS",
        "Process",
        "SharedMem"
      ],
      "exports": [
        "sunholo/motoko_ext_context_mode/register"
      ],
      "interface_hash": "sha256:cd4e46c9f88e2fb9cb0e7bf3ec9caafd1724c82d6f1548edac95e0877486c023",
      "name": "sunholo/motoko_ext_context_mode",
      "path": "/Users/mark/dev/sunholo/ailang-packages/packages/motoko-ext-context-mode",
      "source": "path",
      "version": "0.1.0"
    },
    {
      "content_hash": "sha256:078d9b01b94840ce90ca2d969262dc0f8ed8707b3d61c59edf19402dd336149e",
      "effects": [
        "Env",
        "FS",
        "Process",
        "SharedMem"
      ],
      "exports": [
        "sunholo/motoko_ext_omnigraph/register"
      ],
      "interface_hash": "sha256:55ba4d88991f2c93c2eed9f933d8510478857cae1fb53223a0c2f2648e5d4d89",
      "name": "sunholo/motoko_ext_omnigraph",
      "path": "/Users/mark/dev/sunholo/ailang-packages/packages/motoko-ext-omnigraph",
      "source": "path",
      "version": "0.1.0"
    },
    {
      "ailang": ">=0.17.0",
      "content_hash": "sha256:d47b7687a1e0ac5119bd425ff5fda71286214e6687a7379ac264a500571ae1ee",
      "effects": [
        "Env"
      ],
      "exports": [
        "sunholo/motoko_ext_test_dummy/register"
      ],
      "interface_hash": "sha256:2622ae3b293781330729498a6571cb25fc1f4ccb900b0b494f316b8f61500e80",
      "name": "sunholo/motoko_ext_test_dummy",
      "path": "/Users/mark/dev/sunholo/ailang-packages/packages/motoko-ext-test-dummy",
      "source": "path",
      "version": "0.1.0"
    }
  ],
  "schema": "ailang.lock/v1",
  "schema_version": "1.0.0"
}
