{
  "ailang_version": "v0.26.0",
  "generated_at": "2026-07-03T20:19:57.73821695Z",
  "generator": "ailang lock v0.26.0",
  "packages": [
    {
      "content_hash": "sha256:ec7ed0dece1afe5c06d33dedafe04363559d7c2caa1bc11b5eb06b8c591c4bc2",
      "effects": [
        "AI",
        "Clock",
        "Env",
        "FS",
        "IO",
        "Net",
        "Process",
        "SharedIndex",
        "SharedMem",
        "Stream"
      ],
      "exports": [
        "src/core/compaction",
        "src/core/compress",
        "src/core/config",
        "src/core/context_usage",
        "src/core/tool_contract",
        "src/core/types"
      ],
      "interface_hash": "sha256:87e69cfa64b1a8271daa660468cbc1d240a7cda08f9c3afe6f50734abe6357ca",
      "name": "sunholo/motoko_core",
      "path": "/workspaces/motoko_agent/.packages/motoko_core",
      "source": "path",
      "version": "0.1.0"
    },
    {
      "ailang": ">=0.17.0",
      "content_hash": "sha256:60d6ec4684d6bf80d1ec800efda7aa598ccbebcbf529dd6c760fd10c5c101956",
      "effects": [],
      "exports": [
        "sunholo/motoko_ext_abi/types"
      ],
      "interface_hash": "sha256:b7c7cb6f878bbe2719481a152e21eb27e699dafaf007bf0093397e7c10580f92",
      "name": "sunholo/motoko_ext_abi",
      "source": "registry",
      "version": "2.2.0"
    }
  ],
  "schema": "ailang.lock/v1",
  "schema_version": "1.0.0"
}
