{
  "ailang_version": "v0.52.5",
  "generated_at": "2026-10-08T16:22:56.261000026Z",
  "generator": "ailang lock v0.52.5",
  "packages": [
    {
      "ailang": ">=0.17.0",
      "content_hash": "sha256:9f5b6b188020564ac5bc55198d120398f1035b4de82f8f5d089e4f1c9c883e8f",
      "effects": [],
      "exports": [
        "sunholo/motoko_ext_abi/types"
      ],
      "interface_hash": "sha256:b7c7cb6f878bbe2719481a152e21eb27e699dafaf007bf0093397e7c10580f92",
      "name": "sunholo/motoko_ext_abi",
      "path": "../motoko-ext-abi",
      "source": "path",
      "version": "8.0"
    },
    {
      "ailang": ">=0.21.0",
      "content_hash": "sha256:209b7c8b0e6fc4b93a4299cceb2502031b1cb7b1ef7e8f4f95e89a65c6922cd8",
      "effects": [
        "AI",
        "Clock",
        "Env",
        "FS",
        "IO",
        "Net",
        "Process",
        "SharedMem",
        "Stream"
      ],
      "exports": [
        "sunholo/motoko_ext_ai_compat/ai_compat"
      ],
      "interface_hash": "sha256:b26f0daa4c37214249cb0445d8bc7391be5f0622fd7884fb757d7e548a3e3ba9",
      "name": "sunholo/motoko_ext_ai_compat",
      "path": "../motoko-ext-ai-compat",
      "source": "path",
      "version": "0.2.1"
    }
  ],
  "schema": "ailang.lock/v1",
  "schema_version": "1.0.0"
}
