{
  "ailang_version": "v0.47.2",
  "generated_at": "2026-09-28T17:02:25.034109986Z",
  "generator": "ailang lock v0.47.2",
  "packages": [
    {
      "ailang": ">=0.17.0",
      "content_hash": "sha256:7804bdc524d4f36e780267bd1717e18b2cbb53fad7516601a64663e8fe692e2e",
      "effects": [],
      "exports": [
        "sunholo/motoko_ext_abi/types"
      ],
      "interface_hash": "sha256:b7c7cb6f878bbe2719481a152e21eb27e699dafaf007bf0093397e7c10580f92",
      "name": "sunholo/motoko_ext_abi",
      "path": "../motoko-ext-abi",
      "source": "path",
      "version": "8.0"
    },
    {
      "ailang": ">=0.18.11",
      "content_hash": "sha256:eb23fbfedc25b75c0b3cfeaf8c0dc5877071759534398c06c57ecb0b8ae6fcfb",
      "effects": [
        "AI",
        "Clock",
        "Env",
        "FS",
        "IO",
        "Net",
        "Process",
        "Rand",
        "SharedMem",
        "Stream",
        "Trace"
      ],
      "exports": [
        "sunholo/motoko_ext_mcp/assets",
        "sunholo/motoko_ext_mcp/compress",
        "sunholo/motoko_ext_mcp/exec",
        "sunholo/motoko_ext_mcp/mcp",
        "sunholo/motoko_ext_mcp/register",
        "sunholo/motoko_ext_mcp/resolve",
        "sunholo/motoko_ext_mcp/types"
      ],
      "interface_hash": "sha256:2e5035147ce066e55aa83191b07f17e3781166091d9ad0aa5a0e83286b3ef08c",
      "name": "sunholo/motoko_ext_mcp",
      "path": "../motoko-ext-mcp",
      "source": "path",
      "version": "0.2.7"
    }
  ],
  "schema": "ailang.lock/v1",
  "schema_version": "1.0.0"
}
