{
  "_comment": "031 P0.5 registry fixture. NAMES ONLY: generate.py reads packages[].name for its presence check. A real `ailang lock` pins absolute paths to the checkout it ran in, so the type-check is done in a throwaway workspace that re-locks (README.md).",
  "packages": [
    { "name": "fixture/motoko_ext_alpha", "version": "0.1.0", "source": "path" },
    { "name": "fixture/motoko_ext_beta", "version": "0.1.0", "source": "path" },
    { "name": "sunholo/motoko_ext_abi", "version": "8.0", "source": "path" }
  ]
}
