{
  "ailang_version": "v0.33.0",
  "generated_at": "2026-09-21T07:04:11.609582025Z",
  "generator": "ailang lock v0.33.0",
  "packages": [
    {
      "ailang": ">=0.17.0",
      "content_hash": "sha256:e2649161f3747ac606e904f89d57e3a7fea1f5ece091732ac6aee36d6dc70cc7",
      "effects": [],
      "exports": [
        "sunholo/motoko_ext_abi/types"
      ],
      "interface_hash": "sha256:b7c7cb6f878bbe2719481a152e21eb27e699dafaf007bf0093397e7c10580f92",
      "name": "sunholo/motoko_ext_abi",
      "path": "/tmp/claude-1001/-workspaces-motoko-agent/fc0ca200-5b52-4786-a759-9f557e6f7422/scratchpad/cand/ws_distinct/pkg/motoko-ext-abi",
      "source": "path",
      "version": "7.4"
    }
  ],
  "schema": "ailang.lock/v1",
  "schema_version": "1.0.0"
}
