Sokol
  url: https://github.com/floooh/sokol
  revision: 453c71214fbb55d782683d20ea7e6c07314e3e9b
  files:
    sokol_app.h
    sokol_gfx.h
    sokol_glue.h
    sokol_imgui.h
    sokol_time.h

Dear ImGui
  url: https://github.com/ocornut/imgui
  revision: 85b2fe8486190fa9326565a2fb5fccb6caea4396
  tag: v1.92.0
  files:
    imconfig.h
    imgui.h
    imgui_internal.h
    imgui.cpp
    imgui_draw.cpp
    imgui_tables.cpp
    imgui_widgets.cpp
    imstb_rectpack.h
    imstb_textedit.h
    imstb_truetype.h
